
Microsoft Visual Studio Solution File, Format Version 12.00
# Visual Studio Version 16
VisualStudioVersion = 16.0.31005.135
MinimumVisualStudioVersion = 10.0.40219.1
Project("{FAE04EC0-301F-11D3-BF4B-00C04F79EFBC}") = "SendCATAASsurprises", "SendCATAASsurprises.csproj", "{46312173-083A-4A7D-9D27-A9984DE5B7F7}"
EndProject
Global
	GlobalSection(SolutionConfigurationPlatforms) = preSolution
		Debug|Any CPU = Debug|Any CPU
		Release|Any CPU = Release|Any CPU
	EndGlobalSection
	GlobalSection(ProjectConfigurationPlatforms) = postSolution
		{46312173-083A-4A7D-9D27-A9984DE5B7F7}.Debug|Any CPU.ActiveCfg = Debug|Any CPU
		{46312173-083A-4A7D-9D27-A9984DE5B7F7}.Debug|Any CPU.Build.0 = Debug|Any CPU
		{46312173-083A-4A7D-9D27-A9984DE5B7F7}.Release|Any CPU.ActiveCfg = Release|Any CPU
		{46312173-083A-4A7D-9D27-A9984DE5B7F7}.Release|Any CPU.Build.0 = Release|Any CPU
	EndGlobalSection
	GlobalSection(SolutionProperties) = preSolution
		HideSolutionNode = FALSE
	EndGlobalSection
	GlobalSection(ExtensibilityGlobals) = postSolution
		SolutionGuid = {5E1525B4-0F48-4567-ADE0-F2ACAFDEB503}
	EndGlobalSection
EndGlobal
